
Microsoft Visual Studio Solution File, Format Version 12.00
# Visual Studio 15
Project("{2150E333-8FDC-42A3-9474-1A3956D46DE8}") = "Solution Items", "Solution Items", "{13383BF3-D96F-4162-967F-FE8A853D334A}"
	ProjectSection(SolutionItems) = preProject
		README.md = README.md
	EndProjectSection
EndProject
Project("{FAE04EC0-301F-11D3-BF4B-00C04F79EFBC}") = "TechtTest_Test", "test\TechtTest_Test\TechtTest_Test.csproj", "{1FFA5450-E22A-4ED0-8450-4D713D8BFF95}"
EndProject
Project("{FAE04EC0-301F-11D3-BF4B-00C04F79EFBC}") = "TechTest_Domain", "src\TechTest_Domain\TechTest_Domain.csproj", "{24F595A3-7B08-46E0-95FD-EE4F47CA7FA8}"
EndProject
Project("{FAE04EC0-301F-11D3-BF4B-00C04F79EFBC}") = "TechTest_Aplication", "src\TechTest_Aplication\TechTest_Aplication.csproj", "{FD16CFF0-BC50-4B86-8752-8E6294AA17C8}"
EndProject
Global
	GlobalSection(SolutionConfigurationPlatforms) = preSolution
		Debug|Any CPU = Debug|Any CPU
		Release|Any CPU = Release|Any CPU
	EndGlobalSection
	GlobalSection(ProjectConfigurationPlatforms) = postSolution
		{1FFA5450-E22A-4ED0-8450-4D713D8BFF95}.Debug|Any CPU.ActiveCfg = Debug|Any CPU
		{1FFA5450-E22A-4ED0-8450-4D713D8BFF95}.Debug|Any CPU.Build.0 = Debug|Any CPU
		{1FFA5450-E22A-4ED0-8450-4D713D8BFF95}.Release|Any CPU.ActiveCfg = Release|Any CPU
		{1FFA5450-E22A-4ED0-8450-4D713D8BFF95}.Release|Any CPU.Build.0 = Release|Any CPU
		{24F595A3-7B08-46E0-95FD-EE4F47CA7FA8}.Debug|Any CPU.ActiveCfg = Debug|Any CPU
		{24F595A3-7B08-46E0-95FD-EE4F47CA7FA8}.Debug|Any CPU.Build.0 = Debug|Any CPU
		{24F595A3-7B08-46E0-95FD-EE4F47CA7FA8}.Release|Any CPU.ActiveCfg = Release|Any CPU
		{24F595A3-7B08-46E0-95FD-EE4F47CA7FA8}.Release|Any CPU.Build.0 = Release|Any CPU
		{FD16CFF0-BC50-4B86-8752-8E6294AA17C8}.Debug|Any CPU.ActiveCfg = Debug|Any CPU
		{FD16CFF0-BC50-4B86-8752-8E6294AA17C8}.Debug|Any CPU.Build.0 = Debug|Any CPU
		{FD16CFF0-BC50-4B86-8752-8E6294AA17C8}.Release|Any CPU.ActiveCfg = Release|Any CPU
		{FD16CFF0-BC50-4B86-8752-8E6294AA17C8}.Release|Any CPU.Build.0 = Release|Any CPU
	EndGlobalSection
EndGlobal
